
Microsoft Visual Studio Solution File, Format Version 12.00
# Visual Studio Version 18
VisualStudioVersion = 18.6.11806.211 stable
MinimumVisualStudioVersion = 10.0.40219.1
Project("{FAE04EC0-301F-11D3-BF4B-00C04F79EFBC}") = "CMS.API", "CMS.API\CMS.API.csproj", "{38BA3A4D-F9A4-A490-782F-E80B79AE926F}"
EndProject
Project("{FAE04EC0-301F-11D3-BF4B-00C04F79EFBC}") = "CMS.Application", "CMS.Application\CMS.Application.csproj", "{CBF8DCFE-A365-EE89-E882-B65DABE0BF52}"
EndProject
Project("{FAE04EC0-301F-11D3-BF4B-00C04F79EFBC}") = "CMS.Domain", "CMS.Domain\CMS.Domain.csproj", "{D6FD810C-6716-7805-8C69-BF53AFF60001}"
EndProject
Project("{FAE04EC0-301F-11D3-BF4B-00C04F79EFBC}") = "CMS.Infrastructure", "CMS.Infrastructure\CMS.Infrastructure.csproj", "{3F80E16B-18AF-62B2-D6BF-44090CDD1ACA}"
EndProject
Global
	GlobalSection(SolutionConfigurationPlatforms) = preSolution
		Debug|Any CPU = Debug|Any CPU
		Release|Any CPU = Release|Any CPU
	EndGlobalSection
	GlobalSection(ProjectConfigurationPlatforms) = postSolution
		{38BA3A4D-F9A4-A490-782F-E80B79AE926F}.Debug|Any CPU.ActiveCfg = Debug|Any CPU
		{38BA3A4D-F9A4-A490-782F-E80B79AE926F}.Debug|Any CPU.Build.0 = Debug|Any CPU
		{38BA3A4D-F9A4-A490-782F-E80B79AE926F}.Release|Any CPU.ActiveCfg = Release|Any CPU
		{38BA3A4D-F9A4-A490-782F-E80B79AE926F}.Release|Any CPU.Build.0 = Release|Any CPU
		{CBF8DCFE-A365-EE89-E882-B65DABE0BF52}.Debug|Any CPU.ActiveCfg = Debug|Any CPU
		{CBF8DCFE-A365-EE89-E882-B65DABE0BF52}.Debug|Any CPU.Build.0 = Debug|Any CPU
		{CBF8DCFE-A365-EE89-E882-B65DABE0BF52}.Release|Any CPU.ActiveCfg = Release|Any CPU
		{CBF8DCFE-A365-EE89-E882-B65DABE0BF52}.Release|Any CPU.Build.0 = Release|Any CPU
		{D6FD810C-6716-7805-8C69-BF53AFF60001}.Debug|Any CPU.ActiveCfg = Debug|Any CPU
		{D6FD810C-6716-7805-8C69-BF53AFF60001}.Debug|Any CPU.Build.0 = Debug|Any CPU
		{D6FD810C-6716-7805-8C69-BF53AFF60001}.Release|Any CPU.ActiveCfg = Release|Any CPU
		{D6FD810C-6716-7805-8C69-BF53AFF60001}.Release|Any CPU.Build.0 = Release|Any CPU
		{3F80E16B-18AF-62B2-D6BF-44090CDD1ACA}.Debug|Any CPU.ActiveCfg = Debug|Any CPU
		{3F80E16B-18AF-62B2-D6BF-44090CDD1ACA}.Debug|Any CPU.Build.0 = Debug|Any CPU
		{3F80E16B-18AF-62B2-D6BF-44090CDD1ACA}.Release|Any CPU.ActiveCfg = Release|Any CPU
		{3F80E16B-18AF-62B2-D6BF-44090CDD1ACA}.Release|Any CPU.Build.0 = Release|Any CPU
	EndGlobalSection
	GlobalSection(SolutionProperties) = preSolution
		HideSolutionNode = FALSE
	EndGlobalSection
	GlobalSection(ExtensibilityGlobals) = postSolution
		SolutionGuid = {E7DDF23A-3CC4-49E2-9A71-EDE4B4C53CAA}
	EndGlobalSection
EndGlobal
